
Microsoft Visual Studio Solution File, Format Version 12.00
# Visual Studio Version 17
VisualStudioVersion = 17.5.33516.290
MinimumVisualStudioVersion = 10.0.40219.1
Project("{FAE04EC0-301F-11D3-BF4B-00C04F79EFBC}") = "DataTypes", "DataTypes\DataTypes.csproj", "{8936F510-029F-47E7-9EA0-56D7C6BB60B5}"
EndProject
Global
	GlobalSection(SolutionConfigurationPlatforms) = preSolution
		Debug|Any CPU = Debug|Any CPU
		Release|Any CPU = Release|Any CPU
	EndGlobalSection
	GlobalSection(ProjectConfigurationPlatforms) = postSolution
		{8936F510-029F-47E7-9EA0-56D7C6BB60B5}.Debug|Any CPU.ActiveCfg = Debug|Any CPU
		{8936F510-029F-47E7-9EA0-56D7C6BB60B5}.Debug|Any CPU.Build.0 = Debug|Any CPU
		{8936F510-029F-47E7-9EA0-56D7C6BB60B5}.Release|Any CPU.ActiveCfg = Release|Any CPU
		{8936F510-029F-47E7-9EA0-56D7C6BB60B5}.Release|Any CPU.Build.0 = Release|Any CPU
	EndGlobalSection
	GlobalSection(SolutionProperties) = preSolution
		HideSolutionNode = FALSE
	EndGlobalSection
	GlobalSection(ExtensibilityGlobals) = postSolution
		SolutionGuid = {54E39787-E41D-4413-A71D-0EC7EB31CE0D}
	EndGlobalSection
EndGlobal
